# THIS IS AN AUTOGENERATED FILE. DO NOT EDIT THIS FILE DIRECTLY.
# yarn lockfile v1


"@nobleai/rescript-documentation@^0.7.1":
  version "0.7.1"
  resolved "https://registry.yarnpkg.com/@nobleai/rescript-documentation/-/rescript-documentation-0.7.1.tgz#497f5caa00dd7fc39a1dc37ff6128bbca5d2ee1c"
  integrity sha512-KnBp26SIlVaSuJuCYOCQbkcgIkUhjkUWQdkbYsbx9XShc+ZhI3/R/68FKrx45Filaeeo5C+wXoFsFac+HJmcyg==
  dependencies:
    "@nobleai/rescript-prelude" "^0.7.0"
    lodash "4.17.21"
    rescript "^10.1"
    rescript-nodejs "^16.0.0"

"@nobleai/rescript-lodash@^4.17.21":
  version "4.17.21"
  resolved "https://registry.yarnpkg.com/@nobleai/rescript-lodash/-/rescript-lodash-4.17.21.tgz#1c4c7b598f96069a31024ad84937402e4c67179d"
  integrity sha512-BKts8CWx84h5H1CAqjeAnBNivHNSH+V6RMM+C7A94lF1Q6+IgQD7+nnw5IibrSPFVHZioRyG28lcHLVlkYN3VQ==
  dependencies:
    rescript "^10.1"

"@nobleai/rescript-prelude@^0.12.0", "@nobleai/rescript-prelude@^0.12.4":
  version "0.12.4"
  resolved "https://registry.yarnpkg.com/@nobleai/rescript-prelude/-/rescript-prelude-0.12.4.tgz#2943d87405908a0a0d3015e1dfeb8e269aba2551"
  integrity sha512-FEoaLfX2Z8xcE2y0iuhHSLMJcyv5qJJv8i6KWRs4gAgoAKFwZuYUXbmqLRHLGyMI7iVDVMK1tZx5X86hn51+cQ==
  dependencies:
    "@nobleai/rescript-lodash" "^4.17.21"
    numeral "^2.0.6"
    rescript "^10.1"

"@nobleai/rescript-prelude@^0.7.0":
  version "0.7.0"
  resolved "https://registry.yarnpkg.com/@nobleai/rescript-prelude/-/rescript-prelude-0.7.0.tgz#b712d39e73ac935384dbb588e1f13c567511b0b1"
  integrity sha512-B4u3oFLIkNIp7oSsVSHkZBterexmVVfJayskxaclU49PcamyK29v0+RrAs6wBpgCFgw4mi/LJ2mOSzFUpWUhrg==
  dependencies:
    "@nobleai/rescript-lodash" "^4.17.21"
    numeral "^2.0.6"
    rescript "^10.1"

"@nobleai/rescript-rxjs@^7.5.6":
  version "7.5.14"
  resolved "https://registry.yarnpkg.com/@nobleai/rescript-rxjs/-/rescript-rxjs-7.5.14.tgz#a5a1704361f60abec125e86859f4770bdbcaf008"
  integrity sha512-Znbe3yG7hQ2u3IZ2P+cnzlGZf1kK9HKwAT2JqBZ4t9vi9QlhpswsZZEXKTzv7wGkAab0HJ6NJci8tW3DmWDkSw==

"@nobleai/rescript-testing-library@^0.1.0":
  version "0.1.0"
  resolved "https://registry.yarnpkg.com/@nobleai/rescript-testing-library/-/rescript-testing-library-0.1.0.tgz#58931f41aa03a4e2305aadb47f955c359f796915"
  integrity sha512-Hdiu2lCXI3rbMUQ79aq5zzHL85FZxKPTlDJZMF6D5KoEg18CDD/2MOnvMZesiaYvCGE+BVsRu2wMZv1a1VmUjg==
  dependencies:
    "@nobleai/rescript-prelude" "^0.12.0"
    "@rescript/react" "^0.11.0"
    rescript "^10.1"
    rescript-webapi "^0.2.0"

"@nobleai/rescript-vitest@^0.30.3":
  version "0.30.3"
  resolved "https://registry.yarnpkg.com/@nobleai/rescript-vitest/-/rescript-vitest-0.30.3.tgz#21820cc5c2d46c8acdf5dcd24bde1d1e9f85e336"
  integrity sha512-t5dpkh1Pj+QjYNVWLyJJe0RvQGNwWLWzoWASUGZNtoJENloF/sIakzz668xJL94egn7lC92y0MZYNGVRd1cQxw==
  dependencies:
    rescript "^10.1"

"@rescript/react@^0.11.0":
  version "0.11.0"
  resolved "https://registry.yarnpkg.com/@rescript/react/-/react-0.11.0.tgz#d2545546d823bdb8e6b59daa1790098d1666f79e"
  integrity sha512-RzoAO+3cJwXE2D7yodMo4tBO2EkeDYCN/I/Sj/yRweI3S1CY1ZBOF/GMcVtjeIurJJt7KMveqQXTaRrqoGZBBg==

"@rescript/tools@^0.5.0":
  version "0.5.0"
  resolved "https://registry.yarnpkg.com/@rescript/tools/-/tools-0.5.0.tgz#c54ef2b796250d9d070ba1b65791a623521540b0"
  integrity sha512-gqKZhpXdFMRb0i+aCNKNtbHANFYC/nM7LLLRkkYQLgeJ2teVCV9otO09KIA7CvSZevN6x68r/dkeWi3klLdydA==
  dependencies:
    rescript "^11.0.0-rc.7"

lodash@4.17.21:
  version "4.17.21"
  resolved "https://registry.yarnpkg.com/lodash/-/lodash-4.17.21.tgz#679591c564c3bffaae8454cf0b3df370c3d6911c"
  integrity sha512-v2kDEe57lecTulaDIuNTPy3Ry4gLGJ6Z1O3vE1krgXZNrsQ+LFTGHVxVjcXPs17LhbZVGedAJv8XZ1tvj5FvSg==

numeral@^2.0.6:
  version "2.0.6"
  resolved "https://registry.yarnpkg.com/numeral/-/numeral-2.0.6.tgz#4ad080936d443c2561aed9f2197efffe25f4e506"
  integrity sha512-qaKRmtYPZ5qdw4jWJD6bxEf1FJEqllJrwxCLIm0sQU/A7v2/czigzOb+C2uSiFsa9lBUzeH7M1oK+Q+OLxL3kA==

rescript-nodejs@^16.0.0:
  version "16.0.0"
  resolved "https://registry.yarnpkg.com/rescript-nodejs/-/rescript-nodejs-16.0.0.tgz#87b3e9f58d6544e145ac2c9753f754a34789a70b"
  integrity sha512-1/SJmjH06xdeq1IFIIcKV6QKnidrav/gIc0Rw4GCUD0ceYPPZ5wDB51UFyk98in5N4gv8X/bTg6dVBMyRsC9tw==

rescript-webapi@^0.2.0:
  version "0.2.0"
  resolved "https://registry.yarnpkg.com/rescript-webapi/-/rescript-webapi-0.2.0.tgz#713cabf41b98b1bfa536ef25e2b333899e3cc570"
  integrity sha512-SzWON5edviVG1mtHvrUR6UZIpDqSY/nYVkl9F92zFxXhZ+VAdmiJtYoHZTRJ9DSgaslcyY4c9ZlymRqyWZ7eEA==

rescript@^10.0.0, rescript@^10.1:
  version "10.1.4"
  resolved "https://registry.yarnpkg.com/rescript/-/rescript-10.1.4.tgz#0f37710d371f32a704f17b4e804f66ce3c79a305"
  integrity sha512-FFKlS9AG/XrLepWsyw7B+A9DtQBPWEPDPDKghV831Y2KGbie+eeFBOS0xtRHp0xbt7S0N2Dm6hhX+kTZQ/3Ybg==

rescript@^11.0.0-rc.7:
  version "11.0.1"
  resolved "https://registry.yarnpkg.com/rescript/-/rescript-11.0.1.tgz#c74af134dc8a16d152169b2456d0720324835f54"
  integrity sha512-7T4PRp/d0+CBNnY6PYKffFqo9tGZlvnZpboF/n+8SKS+JZ6VvXJO7W538VPZXf3EYx1COGAWWvkF9e/HgSAqHg==

rxjs@^7.5.5:
  version "7.8.0"
  resolved "https://registry.yarnpkg.com/rxjs/-/rxjs-7.8.0.tgz#90a938862a82888ff4c7359811a595e14e1e09a4"
  integrity sha512-F2+gxDshqmIub1KdvZkaEfGDwLNpPvk9Fs6LD/MyQxNgMds/WH9OdDDXOmxUZpME+iSK3rQCctkL0DYyytUqMg==
  dependencies:
    tslib "^2.1.0"

tslib@^2.1.0:
  version "2.5.0"
  resolved "https://registry.yarnpkg.com/tslib/-/tslib-2.5.0.tgz#42bfed86f5787aeb41d031866c8f402429e0fddf"
  integrity sha512-336iVw3rtn2BUK7ORdIAHTyxHGRIHVReokCR3XjbckJMK7ms8FysBfhLR8IXnAgy7T0PTPNBWKiH514FOW/WSg==
